// !$*UTF8*$!
{
	archiveVersion = 1;
	classes = {
	};
	objectVersion = 46;
	objects = {

/* Begin PBXBuildFile section */
		C2ED73C555EC05AC4528D312 /* libPods-Wise Money.a in Frameworks */ = {isa = PBXBuildFile; fileRef = A0E3CD7B377AD7F3E48A65B6 /* libPods-Wise Money.a */; };
		D80CB9891B7B95D1002C5EE1 /* KLCPopup.m in Sources */ = {isa = PBXBuildFile; fileRef = D80CB9881B7B95D1002C5EE1 /* KLCPopup.m */; };
		D8848E1C1B3AFCE800E3A3AC /* AppDelegate.swift in Sources */ = {isa = PBXBuildFile; fileRef = D8848E1B1B3AFCE800E3A3AC /* AppDelegate.swift */; };
		D8848E211B3AFCE800E3A3AC /* Main.storyboard in Resources */ = {isa = PBXBuildFile; fileRef = D8848E1F1B3AFCE800E3A3AC /* Main.storyboard */; };
		D8848E231B3AFCE800E3A3AC /* Images.xcassets in Resources */ = {isa = PBXBuildFile; fileRef = D8848E221B3AFCE800E3A3AC /* Images.xcassets */; };
		D8848E261B3AFCE800E3A3AC /* LaunchScreen.xib in Resources */ = {isa = PBXBuildFile; fileRef = D8848E241B3AFCE800E3A3AC /* LaunchScreen.xib */; };
		D8848E321B3AFCE900E3A3AC /* Wise_MoneyTests.swift in Sources */ = {isa = PBXBuildFile; fileRef = D8848E311B3AFCE900E3A3AC /* Wise_MoneyTests.swift */; };
		D8848E411B3B00DF00E3A3AC /* SWRevealViewController.m in Sources */ = {isa = PBXBuildFile; fileRef = D8848E401B3B00DF00E3A3AC /* SWRevealViewController.m */; };
		D8848E471B3B07AB00E3A3AC /* BalanceBrain.swift in Sources */ = {isa = PBXBuildFile; fileRef = D8848E461B3B07AB00E3A3AC /* BalanceBrain.swift */; };
		D8848E4B1B3B19E200E3A3AC /* CategoriesViewController.swift in Sources */ = {isa = PBXBuildFile; fileRef = D8848E4A1B3B19E200E3A3AC /* CategoriesViewController.swift */; };
		D8848E4F1B3B230800E3A3AC /* CategoryViewCell.swift in Sources */ = {isa = PBXBuildFile; fileRef = D8848E4E1B3B230700E3A3AC /* CategoryViewCell.swift */; };
		D8848E521B3B24A800E3A3AC /* moneyData.xcdatamodeld in Sources */ = {isa = PBXBuildFile; fileRef = D8848E501B3B24A800E3A3AC /* moneyData.xcdatamodeld */; };
		D8848E5A1B3B2E9400E3A3AC /* PopUpViewController.swift in Sources */ = {isa = PBXBuildFile; fileRef = D8848E591B3B2E9400E3A3AC /* PopUpViewController.swift */; };
		D8A579FA1B44479900D8C9EE /* BalanceCategory.swift in Sources */ = {isa = PBXBuildFile; fileRef = D8A579F91B44479900D8C9EE /* BalanceCategory.swift */; };
		D8A579FC1B44479900D8C9EE /* BalanceOperation.swift in Sources */ = {isa = PBXBuildFile; fileRef = D8A579FB1B44479900D8C9EE /* BalanceOperation.swift */; };
		D8A579FE1B4447B300D8C9EE /* BalanceCategoryExtension.swift in Sources */ = {isa = PBXBuildFile; fileRef = D8A579FD1B4447B300D8C9EE /* BalanceCategoryExtension.swift */; };
/* End PBXBuildFile section */

/* Begin PBXContainerItemProxy section */
		D8848E2C1B3AFCE900E3A3AC /* PBXContainerItemProxy */ = {
			isa = PBXContainerItemProxy;
			containerPortal = D8848E0E1B3AFCE700E3A3AC /* Project object */;
			proxyType = 1;
			remoteGlobalIDString = D8848E151B3AFCE800E3A3AC;
			remoteInfo = "Wise Money";
		};
/* End PBXContainerItemProxy section */

/* Begin PBXFileReference section */
		7BB1AEF9726F26C106752ECB /* Pods-Wise Money.release.xcconfig */ = {isa = PBXFileReference; includeInIndex = 1; lastKnownFileType = text.xcconfig; name = "Pods-Wise Money.release.xcconfig"; path = "Pods/Target Support Files/Pods-Wise Money/Pods-Wise Money.release.xcconfig"; sourceTree = "<group>"; };
		9A311614C60DB8BE2BFE0EB4 /* Pods-Wise Money.debug.xcconfig */ = {isa = PBXFileReference; includeInIndex = 1; lastKnownFileType = text.xcconfig; name = "Pods-Wise Money.debug.xcconfig"; path = "Pods/Target Support Files/Pods-Wise Money/Pods-Wise Money.debug.xcconfig"; sourceTree = "<group>"; };
		A0E3CD7B377AD7F3E48A65B6 /* libPods-Wise Money.a */ = {isa = PBXFileReference; explicitFileType = archive.ar; includeInIndex = 0; path = "libPods-Wise Money.a"; sourceTree = BUILT_PRODUCTS_DIR; };
		D80CB9871B7B95D1002C5EE1 /* KLCPopup.h */ = {isa = PBXFileReference; fileEncoding = 4; lastKnownFileType = sourcecode.c.h; name = KLCPopup.h; path = "../../../Downloads/KLCPopup-master/KLCPopup/KLCPopup.h"; sourceTree = "<group>"; };
		D80CB9881B7B95D1002C5EE1 /* KLCPopup.m */ = {isa = PBXFileReference; fileEncoding = 4; lastKnownFileType = sourcecode.c.objc; name = KLCPopup.m; path = "../../../Downloads/KLCPopup-master/KLCPopup/KLCPopup.m"; sourceTree = "<group>"; };
		D8848E161B3AFCE800E3A3AC /* Wise Money.app */ = {isa = PBXFileReference; explicitFileType = wrapper.application; includeInIndex = 0; path = "Wise Money.app"; sourceTree = BUILT_PRODUCTS_DIR; };
		D8848E1A1B3AFCE800E3A3AC /* Info.plist */ = {isa = PBXFileReference; lastKnownFileType = text.plist.xml; path = Info.plist; sourceTree = "<group>"; };
		D8848E1B1B3AFCE800E3A3AC /* AppDelegate.swift */ = {isa = PBXFileReference; lastKnownFileType = sourcecode.swift; path = AppDelegate.swift; sourceTree = "<group>"; };
		D8848E201B3AFCE800E3A3AC /* Base */ = {isa = PBXFileReference; lastKnownFileType = file.storyboard; name = Base; path = Base.lproj/Main.storyboard; sourceTree = "<group>"; };
		D8848E221B3AFCE800E3A3AC /* Images.xcassets */ = {isa = PBXFileReference; lastKnownFileType = folder.assetcatalog; path = Images.xcassets; sourceTree = "<group>"; };
		D8848E251B3AFCE800E3A3AC /* Base */ = {isa = PBXFileReference; lastKnownFileType = file.xib; name = Base; path = Base.lproj/LaunchScreen.xib; sourceTree = "<group>"; };
		D8848E2B1B3AFCE900E3A3AC /* Wise MoneyTests.xctest */ = {isa = PBXFileReference; explicitFileType = wrapper.cfbundle; includeInIndex = 0; path = "Wise MoneyTests.xctest"; sourceTree = BUILT_PRODUCTS_DIR; };
		D8848E301B3AFCE900E3A3AC /* Info.plist */ = {isa = PBXFileReference; lastKnownFileType = text.plist.xml; path = Info.plist; sourceTree = "<group>"; };
		D8848E311B3AFCE900E3A3AC /* Wise_MoneyTests.swift */ = {isa = PBXFileReference; lastKnownFileType = sourcecode.swift; path = Wise_MoneyTests.swift; sourceTree = "<group>"; };
		D8848E3B1B3AFD1800E3A3AC /* Wise Money-Bridging-Header.h */ = {isa = PBXFileReference; lastKnownFileType = sourcecode.c.h; path = "Wise Money-Bridging-Header.h"; sourceTree = "<group>"; };
		D8848E3F1B3B00DF00E3A3AC /* SWRevealViewController.h */ = {isa = PBXFileReference; fileEncoding = 4; lastKnownFileType = sourcecode.c.h; path = SWRevealViewController.h; sourceTree = "<group>"; };
		D8848E401B3B00DF00E3A3AC /* SWRevealViewController.m */ = {isa = PBXFileReference; fileEncoding = 4; lastKnownFileType = sourcecode.c.objc; path = SWRevealViewController.m; sourceTree = "<group>"; };
		D8848E461B3B07AB00E3A3AC /* BalanceBrain.swift */ = {isa = PBXFileReference; fileEncoding = 4; lastKnownFileType = sourcecode.swift; path = BalanceBrain.swift; sourceTree = "<group>"; };
		D8848E4A1B3B19E200E3A3AC /* CategoriesViewController.swift */ = {isa = PBXFileReference; fileEncoding = 4; lastKnownFileType = sourcecode.swift; path = CategoriesViewController.swift; sourceTree = "<group>"; };
		D8848E4E1B3B230700E3A3AC /* CategoryViewCell.swift */ = {isa = PBXFileReference; fileEncoding = 4; lastKnownFileType = sourcecode.swift; path = CategoryViewCell.swift; sourceTree = "<group>"; };
		D8848E511B3B24A800E3A3AC /* moneyData.xcdatamodel */ = {isa = PBXFileReference; lastKnownFileType = wrapper.xcdatamodel; path = moneyData.xcdatamodel; sourceTree = "<group>"; };
		D8848E591B3B2E9400E3A3AC /* PopUpViewController.swift */ = {isa = PBXFileReference; fileEncoding = 4; lastKnownFileType = sourcecode.swift; path = PopUpViewController.swift; sourceTree = "<group>"; };
		D8A579F91B44479900D8C9EE /* BalanceCategory.swift */ = {isa = PBXFileReference; fileEncoding = 4; lastKnownFileType = sourcecode.swift; path = BalanceCategory.swift; sourceTree = "<group>"; };
		D8A579FB1B44479900D8C9EE /* BalanceOperation.swift */ = {isa = PBXFileReference; fileEncoding = 4; lastKnownFileType = sourcecode.swift; path = BalanceOperation.swift; sourceTree = "<group>"; };
		D8A579FD1B4447B300D8C9EE /* BalanceCategoryExtension.swift */ = {isa = PBXFileReference; fileEncoding = 4; lastKnownFileType = sourcecode.swift; path = BalanceCategoryExtension.swift; sourceTree = "<group>"; };
/* End PBXFileReference section */

/* Begin PBXFrameworksBuildPhase section */
		D8848E131B3AFCE800E3A3AC /* Frameworks */ = {
			isa = PBXFrameworksBuildPhase;
			buildActionMask = 2147483647;
			files = (
				C2ED73C555EC05AC4528D312 /* libPods-Wise Money.a in Frameworks */,
			);
			runOnlyForDeploymentPostprocessing = 0;
		};
		D8848E281B3AFCE900E3A3AC /* Frameworks */ = {
			isa = PBXFrameworksBuildPhase;
			buildActionMask = 2147483647;
			files = (
			);
			runOnlyForDeploymentPostprocessing = 0;
		};
/* End PBXFrameworksBuildPhase section */

/* Begin PBXGroup section */
		D80CB9861B7B95C8002C5EE1 /* Libraries */ = {
			isa = PBXGroup;
			children = (
				D8848E3F1B3B00DF00E3A3AC /* SWRevealViewController.h */,
				D8848E401B3B00DF00E3A3AC /* SWRevealViewController.m */,
				D80CB9871B7B95D1002C5EE1 /* KLCPopup.h */,
				D80CB9881B7B95D1002C5EE1 /* KLCPopup.m */,
			);
			name = Libraries;
			sourceTree = "<group>";
		};
		D8848E0D1B3AFCE700E3A3AC = {
			isa = PBXGroup;
			children = (
				D8848E181B3AFCE800E3A3AC /* Wise Money */,
				D8848E2E1B3AFCE900E3A3AC /* Wise MoneyTests */,
				D8848E171B3AFCE800E3A3AC /* Products */,
				DF425D7F0A15D47C36FEB48D /* Pods */,
				F9DF9D4F5FBAF9085A50B240 /* Frameworks */,
			);
			sourceTree = "<group>";
		};
		D8848E171B3AFCE800E3A3AC /* Products */ = {
			isa = PBXGroup;
			children = (
				D8848E161B3AFCE800E3A3AC /* Wise Money.app */,
				D8848E2B1B3AFCE900E3A3AC /* Wise MoneyTests.xctest */,
			);
			name = Products;
			sourceTree = "<group>";
		};
		D8848E181B3AFCE800E3A3AC /* Wise Money */ = {
			isa = PBXGroup;
			children = (
				D80CB9861B7B95C8002C5EE1 /* Libraries */,
				D8848E501B3B24A800E3A3AC /* moneyData.xcdatamodeld */,
				D8848E1F1B3AFCE800E3A3AC /* Main.storyboard */,
				D8848E4C1B3B20FD00E3A3AC /* Classes */,
				D8848E4D1B3B210400E3A3AC /* ViewControllers */,
				D8848E191B3AFCE800E3A3AC /* Supporting Files */,
				D8848E3B1B3AFD1800E3A3AC /* Wise Money-Bridging-Header.h */,
			);
			path = "Wise Money";
			sourceTree = "<group>";
		};
		D8848E191B3AFCE800E3A3AC /* Supporting Files */ = {
			isa = PBXGroup;
			children = (
				D8848E241B3AFCE800E3A3AC /* LaunchScreen.xib */,
				D8848E221B3AFCE800E3A3AC /* Images.xcassets */,
				D8848E1B1B3AFCE800E3A3AC /* AppDelegate.swift */,
				D8848E1A1B3AFCE800E3A3AC /* Info.plist */,
			);
			name = "Supporting Files";
			sourceTree = "<group>";
		};
		D8848E2E1B3AFCE900E3A3AC /* Wise MoneyTests */ = {
			isa = PBXGroup;
			children = (
				D8848E311B3AFCE900E3A3AC /* Wise_MoneyTests.swift */,
				D8848E2F1B3AFCE900E3A3AC /* Supporting Files */,
			);
			path = "Wise MoneyTests";
			sourceTree = "<group>";
		};
		D8848E2F1B3AFCE900E3A3AC /* Supporting Files */ = {
			isa = PBXGroup;
			children = (
				D8848E301B3AFCE900E3A3AC /* Info.plist */,
			);
			name = "Supporting Files";
			sourceTree = "<group>";
		};
		D8848E4C1B3B20FD00E3A3AC /* Classes */ = {
			isa = PBXGroup;
			children = (
				D8A579FB1B44479900D8C9EE /* BalanceOperation.swift */,
				D8A579F91B44479900D8C9EE /* BalanceCategory.swift */,
				D8A579FD1B4447B300D8C9EE /* BalanceCategoryExtension.swift */,
				D8848E4E1B3B230700E3A3AC /* CategoryViewCell.swift */,
				D8848E461B3B07AB00E3A3AC /* BalanceBrain.swift */,
			);
			name = Classes;
			sourceTree = "<group>";
		};
		D8848E4D1B3B210400E3A3AC /* ViewControllers */ = {
			isa = PBXGroup;
			children = (
				D8848E591B3B2E9400E3A3AC /* PopUpViewController.swift */,
				D8848E4A1B3B19E200E3A3AC /* CategoriesViewController.swift */,
			);
			name = ViewControllers;
			sourceTree = "<group>";
		};
		DF425D7F0A15D47C36FEB48D /* Pods */ = {
			isa = PBXGroup;
			children = (
				9A311614C60DB8BE2BFE0EB4 /* Pods-Wise Money.debug.xcconfig */,
				7BB1AEF9726F26C106752ECB /* Pods-Wise Money.release.xcconfig */,
			);
			name = Pods;
			sourceTree = "<group>";
		};
		F9DF9D4F5FBAF9085A50B240 /* Frameworks */ = {
			isa = PBXGroup;
			children = (
				A0E3CD7B377AD7F3E48A65B6 /* libPods-Wise Money.a */,
			);
			name = Frameworks;
			sourceTree = "<group>";
		};
/* End PBXGroup section */

/* Begin PBXNativeTarget section */
		D8848E151B3AFCE800E3A3AC /* Wise Money */ = {
			isa = PBXNativeTarget;
			buildConfigurationList = D8848E351B3AFCE900E3A3AC /* Build configuration list for PBXNativeTarget "Wise Money" */;
			buildPhases = (
				7C11556FEB12E10F7D208CD2 /* Check Pods Manifest.lock */,
				D8848E121B3AFCE800E3A3AC /* Sources */,
				D8848E131B3AFCE800E3A3AC /* Frameworks */,
				D8848E141B3AFCE800E3A3AC /* Resources */,
				D258259A1804E4394FD5ACCC /* Copy Pods Resources */,
			);
			buildRules = (
			);
			dependencies = (
			);
			name = "Wise Money";
			productName = "Wise Money";
			productReference = D8848E161B3AFCE800E3A3AC /* Wise Money.app */;
			productType = "com.apple.product-type.application";
		};
		D8848E2A1B3AFCE900E3A3AC /* Wise MoneyTests */ = {
			isa = PBXNativeTarget;
			buildConfigurationList = D8848E381B3AFCE900E3A3AC /* Build configuration list for PBXNativeTarget "Wise MoneyTests" */;
			buildPhases = (
				D8848E271B3AFCE900E3A3AC /* Sources */,
				D8848E281B3AFCE900E3A3AC /* Frameworks */,
				D8848E291B3AFCE900E3A3AC /* Resources */,
			);
			buildRules = (
			);
			dependencies = (
				D8848E2D1B3AFCE900E3A3AC /* PBXTargetDependency */,
			);
			name = "Wise MoneyTests";
			productName = "Wise MoneyTests";
			productReference = D8848E2B1B3AFCE900E3A3AC /* Wise MoneyTests.xctest */;
			productType = "com.apple.product-type.bundle.unit-test";
		};
/* End PBXNativeTarget section */

/* Begin PBXProject section */
		D8848E0E1B3AFCE700E3A3AC /* Project object */ = {
			isa = PBXProject;
			attributes = {
				LastUpgradeCheck = 0630;
				ORGANIZATIONNAME = volkoivan;
				TargetAttributes = {
					D8848E151B3AFCE800E3A3AC = {
						CreatedOnToolsVersion = 6.3.2;
					};
					D8848E2A1B3AFCE900E3A3AC = {
						CreatedOnToolsVersion = 6.3.2;
						TestTargetID = D8848E151B3AFCE800E3A3AC;
					};
				};
			};
			buildConfigurationList = D8848E111B3AFCE700E3A3AC /* Build configuration list for PBXProject "Wise Money" */;
			compatibilityVersion = "Xcode 3.2";
			developmentRegion = English;
			hasScannedForEncodings = 0;
			knownRegions = (
				en,
				Base,
			);
			mainGroup = D8848E0D1B3AFCE700E3A3AC;
			productRefGroup = D8848E171B3AFCE800E3A3AC /* Products */;
			projectDirPath = "";
			projectRoot = "";
			targets = (
				D8848E151B3AFCE800E3A3AC /* Wise Money */,
				D8848E2A1B3AFCE900E3A3AC /* Wise MoneyTests */,
			);
		};
/* End PBXProject section */

/* Begin PBXResourcesBuildPhase section */
		D8848E141B3AFCE800E3A3AC /* Resources */ = {
			isa = PBXResourcesBuildPhase;
			buildActionMask = 2147483647;
			files = (
				D8848E211B3AFCE800E3A3AC /* Main.storyboard in Resources */,
				D8848E261B3AFCE800E3A3AC /* LaunchScreen.xib in Resources */,
				D8848E231B3AFCE800E3A3AC /* Images.xcassets in Resources */,
			);
			runOnlyForDeploymentPostprocessing = 0;
		};
		D8848E291B3AFCE900E3A3AC /* Resources */ = {
			isa = PBXResourcesBuildPhase;
			buildActionMask = 2147483647;
			files = (
			);
			runOnlyForDeploymentPostprocessing = 0;
		};
/* End PBXResourcesBuildPhase section */

/* Begin PBXShellScriptBuildPhase section */
		7C11556FEB12E10F7D208CD2 /* Check Pods Manifest.lock */ = {
			isa = PBXShellScriptBuildPhase;
			buildActionMask = 2147483647;
			files = (
			);
			inputPaths = (
			);
			name = "Check Pods Manifest.lock";
			outputPaths = (
			);
			runOnlyForDeploymentPostprocessing = 0;
			shellPath = /bin/sh;
			shellScript = "diff \"${PODS_ROOT}/../Podfile.lock\" \"${PODS_ROOT}/Manifest.lock\" > /dev/null\nif [[ $? != 0 ]] ; then\n    cat << EOM\nerror: The sandbox is not in sync with the Podfile.lock. Run 'pod install' or update your CocoaPods installation.\nEOM\n    exit 1\nfi\n";
			showEnvVarsInLog = 0;
		};
		D258259A1804E4394FD5ACCC /* Copy Pods Resources */ = {
			isa = PBXShellScriptBuildPhase;
			buildActionMask = 2147483647;
			files = (
			);
			inputPaths = (
			);
			name = "Copy Pods Resources";
			outputPaths = (
			);
			runOnlyForDeploymentPostprocessing = 0;
			shellPath = /bin/sh;
			shellScript = "\"${SRCROOT}/Pods/Target Support Files/Pods-Wise Money/Pods-Wise Money-resources.sh\"\n";
			showEnvVarsInLog = 0;
		};
/* End PBXShellScriptBuildPhase section */

/* Begin PBXSourcesBuildPhase section */
		D8848E121B3AFCE800E3A3AC /* Sources */ = {
			isa = PBXSourcesBuildPhase;
			buildActionMask = 2147483647;
			files = (
				D8848E521B3B24A800E3A3AC /* moneyData.xcdatamodeld in Sources */,
				D8848E1C1B3AFCE800E3A3AC /* AppDelegate.swift in Sources */,
				D8848E4B1B3B19E200E3A3AC /* CategoriesViewController.swift in Sources */,
				D8A579FA1B44479900D8C9EE /* BalanceCategory.swift in Sources */,
				D8848E411B3B00DF00E3A3AC /* SWRevealViewController.m in Sources */,
				D8A579FE1B4447B300D8C9EE /* BalanceCategoryExtension.swift in Sources */,
				D8848E471B3B07AB00E3A3AC /* BalanceBrain.swift in Sources */,
				D8A579FC1B44479900D8C9EE /* BalanceOperation.swift in Sources */,
				D80CB9891B7B95D1002C5EE1 /* KLCPopup.m in Sources */,
				D8848E5A1B3B2E9400E3A3AC /* PopUpViewController.swift in Sources */,
				D8848E4F1B3B230800E3A3AC /* CategoryViewCell.swift in Sources */,
			);
			runOnlyForDeploymentPostprocessing = 0;
		};
		D8848E271B3AFCE900E3A3AC /* Sources */ = {
			isa = PBXSourcesBuildPhase;
			buildActionMask = 2147483647;
			files = (
				D8848E321B3AFCE900E3A3AC /* Wise_MoneyTests.swift in Sources */,
			);
			runOnlyForDeploymentPostprocessing = 0;
		};
/* End PBXSourcesBuildPhase section */

/* Begin PBXTargetDependency section */
		D8848E2D1B3AFCE900E3A3AC /* PBXTargetDependency */ = {
			isa = PBXTargetDependency;
			target = D8848E151B3AFCE800E3A3AC /* Wise Money */;
			targetProxy = D8848E2C1B3AFCE900E3A3AC /* PBXContainerItemProxy */;
		};
/* End PBXTargetDependency section */

/* Begin PBXVariantGroup section */
		D8848E1F1B3AFCE800E3A3AC /* Main.storyboard */ = {
			isa = PBXVariantGroup;
			children = (
				D8848E201B3AFCE800E3A3AC /* Base */,
			);
			name = Main.storyboard;
			sourceTree = "<group>";
		};
		D8848E241B3AFCE800E3A3AC /* LaunchScreen.xib */ = {
			isa = PBXVariantGroup;
			children = (
				D8848E251B3AFCE800E3A3AC /* Base */,
			);
			name = LaunchScreen.xib;
			sourceTree = "<group>";
		};
/* End PBXVariantGroup section */

/* Begin XCBuildConfiguration section */
		D8848E331B3AFCE900E3A3AC /* Debug */ = {
			isa = XCBuildConfiguration;
			buildSettings = {
				ALWAYS_SEARCH_USER_PATHS = NO;
				CLANG_CXX_LANGUAGE_STANDARD = "gnu++0x";
				CLANG_CXX_LIBRARY = "libc++";
				CLANG_ENABLE_MODULES = YES;
				CLANG_ENABLE_OBJC_ARC = YES;
				CLANG_WARN_BOOL_CONVERSION = YES;
				CLANG_WARN_CONSTANT_CONVERSION = YES;
				CLANG_WARN_DIRECT_OBJC_ISA_USAGE = YES_ERROR;
				CLANG_WARN_EMPTY_BODY = YES;
				CLANG_WARN_ENUM_CONVERSION = YES;
				CLANG_WARN_INT_CONVERSION = YES;
				CLANG_WARN_OBJC_ROOT_CLASS = YES_ERROR;
				CLANG_WARN_UNREACHABLE_CODE = YES;
				CLANG_WARN__DUPLICATE_METHOD_MATCH = YES;
				"CODE_SIGN_IDENTITY[sdk=iphoneos*]" = "iPhone Developer";
				COPY_PHASE_STRIP = NO;
				DEBUG_INFORMATION_FORMAT = "dwarf-with-dsym";
				ENABLE_STRICT_OBJC_MSGSEND = YES;
				GCC_C_LANGUAGE_STANDARD = gnu99;
				GCC_DYNAMIC_NO_PIC = NO;
				GCC_NO_COMMON_BLOCKS = YES;
				GCC_OPTIMIZATION_LEVEL = 0;
				GCC_PREPROCESSOR_DEFINITIONS = (
					"DEBUG=1",
					"$(inherited)",
				);
				GCC_SYMBOLS_PRIVATE_EXTERN = NO;
				GCC_WARN_64_TO_32_BIT_CONVERSION = YES;
				GCC_WARN_ABOUT_RETURN_TYPE = YES_ERROR;
				GCC_WARN_UNDECLARED_SELECTOR = YES;
				GCC_WARN_UNINITIALIZED_AUTOS = YES_AGGRESSIVE;
				GCC_WARN_UNUSED_FUNCTION = YES;
				GCC_WARN_UNUSED_VARIABLE = YES;
				IPHONEOS_DEPLOYMENT_TARGET = 8.3;
				MTL_ENABLE_DEBUG_INFO = YES;
				ONLY_ACTIVE_ARCH = YES;
				SDKROOT = iphoneos;
				SWIFT_OPTIMIZATION_LEVEL = "-Onone";
				TARGETED_DEVICE_FAMILY = "1,2";
			};
			name = Debug;
		};
		D8848E341B3AFCE900E3A3AC /* Release */ = {
			isa = XCBuildConfiguration;
			buildSettings = {
				ALWAYS_SEARCH_USER_PATHS = NO;
				CLANG_CXX_LANGUAGE_STANDARD = "gnu++0x";
				CLANG_CXX_LIBRARY = "libc++";
				CLANG_ENABLE_MODULES = YES;
				CLANG_ENABLE_OBJC_ARC = YES;
				CLANG_WARN_BOOL_CONVERSION = YES;
				CLANG_WARN_CONSTANT_CONVERSION = YES;
				CLANG_WARN_DIRECT_OBJC_ISA_USAGE = YES_ERROR;
				CLANG_WARN_EMPTY_BODY = YES;
				CLANG_WARN_ENUM_CONVERSION = YES;
				CLANG_WARN_INT_CONVERSION = YES;
				CLANG_WARN_OBJC_ROOT_CLASS = YES_ERROR;
				CLANG_WARN_UNREACHABLE_CODE = YES;
				CLANG_WARN__DUPLICATE_METHOD_MATCH = YES;
				"CODE_SIGN_IDENTITY[sdk=iphoneos*]" = "iPhone Developer";
				COPY_PHASE_STRIP = NO;
				DEBUG_INFORMATION_FORMAT = "dwarf-with-dsym";
				ENABLE_NS_ASSERTIONS = NO;
				ENABLE_STRICT_OBJC_MSGSEND = YES;
				GCC_C_LANGUAGE_STANDARD = gnu99;
				GCC_NO_COMMON_BLOCKS = YES;
				GCC_WARN_64_TO_32_BIT_CONVERSION = YES;
				GCC_WARN_ABOUT_RETURN_TYPE = YES_ERROR;
				GCC_WARN_UNDECLARED_SELECTOR = YES;
				GCC_WARN_UNINITIALIZED_AUTOS = YES_AGGRESSIVE;
				GCC_WARN_UNUSED_FUNCTION = YES;
				GCC_WARN_UNUSED_VARIABLE = YES;
				IPHONEOS_DEPLOYMENT_TARGET = 8.3;
				MTL_ENABLE_DEBUG_INFO = NO;
				SDKROOT = iphoneos;
				TARGETED_DEVICE_FAMILY = "1,2";
				VALIDATE_PRODUCT = YES;
			};
			name = Release;
		};
		D8848E361B3AFCE900E3A3AC /* Debug */ = {
			isa = XCBuildConfiguration;
			baseConfigurationReference = 9A311614C60DB8BE2BFE0EB4 /* Pods-Wise Money.debug.xcconfig */;
			buildSettings = {
				ASSETCATALOG_COMPILER_APPICON_NAME = AppIcon;
				CLANG_ENABLE_MODULES = YES;
				INFOPLIST_FILE = "Wise Money/Info.plist";
				LD_RUNPATH_SEARCH_PATHS = "$(inherited) @executable_path/Frameworks";
				PRODUCT_NAME = "$(TARGET_NAME)";
				SWIFT_OBJC_BRIDGING_HEADER = "Wise Money/Wise Money-Bridging-Header.h";
				SWIFT_OPTIMIZATION_LEVEL = "-Onone";
			};
			name = Debug;
		};
		D8848E371B3AFCE900E3A3AC /* Release */ = {
			isa = XCBuildConfiguration;
			baseConfigurationReference = 7BB1AEF9726F26C106752ECB /* Pods-Wise Money.release.xcconfig */;
			buildSettings = {
				ASSETCATALOG_COMPILER_APPICON_NAME = AppIcon;
				CLANG_ENABLE_MODULES = YES;
				INFOPLIST_FILE = "Wise Money/Info.plist";
				LD_RUNPATH_SEARCH_PATHS = "$(inherited) @executable_path/Frameworks";
				PRODUCT_NAME = "$(TARGET_NAME)";
				SWIFT_OBJC_BRIDGING_HEADER = "Wise Money/Wise Money-Bridging-Header.h";
			};
			name = Release;
		};
		D8848E391B3AFCE900E3A3AC /* Debug */ = {
			isa = XCBuildConfiguration;
			buildSettings = {
				BUNDLE_LOADER = "$(TEST_HOST)";
				FRAMEWORK_SEARCH_PATHS = (
					"$(SDKROOT)/Developer/Library/Frameworks",
					"$(inherited)",
				);
				GCC_PREPROCESSOR_DEFINITIONS = (
					"DEBUG=1",
					"$(inherited)",
				);
				INFOPLIST_FILE = "Wise MoneyTests/Info.plist";
				LD_RUNPATH_SEARCH_PATHS = "$(inherited) @executable_path/Frameworks @loader_path/Frameworks";
				PRODUCT_NAME = "$(TARGET_NAME)";
				TEST_HOST = "$(BUILT_PRODUCTS_DIR)/Wise Money.app/Wise Money";
			};
			name = Debug;
		};
		D8848E3A1B3AFCE900E3A3AC /* Release */ = {
			isa = XCBuildConfiguration;
			buildSettings = {
				BUNDLE_LOADER = "$(TEST_HOST)";
				FRAMEWORK_SEARCH_PATHS = (
					"$(SDKROOT)/Developer/Library/Frameworks",
					"$(inherited)",
				);
				INFOPLIST_FILE = "Wise MoneyTests/Info.plist";
				LD_RUNPATH_SEARCH_PATHS = "$(inherited) @executable_path/Frameworks @loader_path/Frameworks";
				PRODUCT_NAME = "$(TARGET_NAME)";
				TEST_HOST = "$(BUILT_PRODUCTS_DIR)/Wise Money.app/Wise Money";
			};
			name = Release;
		};
/* End XCBuildConfiguration section */

/* Begin XCConfigurationList section */
		D8848E111B3AFCE700E3A3AC /* Build configuration list for PBXProject "Wise Money" */ = {
			isa = XCConfigurationList;
			buildConfigurations = (
				D8848E331B3AFCE900E3A3AC /* Debug */,
				D8848E341B3AFCE900E3A3AC /* Release */,
			);
			defaultConfigurationIsVisible = 0;
			defaultConfigurationName = Release;
		};
		D8848E351B3AFCE900E3A3AC /* Build configuration list for PBXNativeTarget "Wise Money" */ = {
			isa = XCConfigurationList;
			buildConfigurations = (
				D8848E361B3AFCE900E3A3AC /* Debug */,
				D8848E371B3AFCE900E3A3AC /* Release */,
			);
			defaultConfigurationIsVisible = 0;
			defaultConfigurationName = Release;
		};
		D8848E381B3AFCE900E3A3AC /* Build configuration list for PBXNativeTarget "Wise MoneyTests" */ = {
			isa = XCConfigurationList;
			buildConfigurations = (
				D8848E391B3AFCE900E3A3AC /* Debug */,
				D8848E3A1B3AFCE900E3A3AC /* Release */,
			);
			defaultConfigurationIsVisible = 0;
			defaultConfigurationName = Release;
		};
/* End XCConfigurationList section */

/* Begin XCVersionGroup section */
		D8848E501B3B24A800E3A3AC /* moneyData.xcdatamodeld */ = {
			isa = XCVersionGroup;
			children = (
				D8848E511B3B24A800E3A3AC /* moneyData.xcdatamodel */,
			);
			currentVersion = D8848E511B3B24A800E3A3AC /* moneyData.xcdatamodel */;
			path = moneyData.xcdatamodeld;
			sourceTree = "<group>";
			versionGroupType = wrapper.xcdatamodel;
		};
/* End XCVersionGroup section */
	};
	rootObject = D8848E0E1B3AFCE700E3A3AC /* Project object */;
}
